
Microsoft Visual Studio Solution File, Format Version 12.00
# Visual Studio Version 17
VisualStudioVersion = 17.5.002.0
MinimumVisualStudioVersion = 10.0.40219.1
Project("{9A19103F-16F7-4668-BE54-9A1E7A4F7556}") = "2024", "2024.csproj", "{CDB2E8BB-FD92-4463-9F9C-CA31BB2C339F}"
EndProject
Global
	GlobalSection(SolutionConfigurationPlatforms) = preSolution
		Debug|Any CPU = Debug|Any CPU
		Release|Any CPU = Release|Any CPU
	EndGlobalSection
	GlobalSection(ProjectConfigurationPlatforms) = postSolution
		{CDB2E8BB-FD92-4463-9F9C-CA31BB2C339F}.Debug|Any CPU.ActiveCfg = Debug|Any CPU
		{CDB2E8BB-FD92-4463-9F9C-CA31BB2C339F}.Debug|Any CPU.Build.0 = Debug|Any CPU
		{CDB2E8BB-FD92-4463-9F9C-CA31BB2C339F}.Release|Any CPU.ActiveCfg = Release|Any CPU
		{CDB2E8BB-FD92-4463-9F9C-CA31BB2C339F}.Release|Any CPU.Build.0 = Release|Any CPU
	EndGlobalSection
	GlobalSection(SolutionProperties) = preSolution
		HideSolutionNode = FALSE
	EndGlobalSection
	GlobalSection(ExtensibilityGlobals) = postSolution
		SolutionGuid = {66FD1406-D4C5-445B-B198-C5E1C6E937FA}
	EndGlobalSection
EndGlobal
